
Microsoft Visual Studio Solution File, Format Version 12.00
# Visual Studio Version 16
VisualStudioVersion = 16.0.31624.102
MinimumVisualStudioVersion = 10.0.40219.1
Project("{9A19103F-16F7-4668-BE54-9A1E7A4F7556}") = "TransportCompanyLib", "TransportCompany\TransportCompanyLib.csproj", "{9D88F47A-69E0-4C2A-B5AB-5FC4F685AD64}"
EndProject
Project("{9A19103F-16F7-4668-BE54-9A1E7A4F7556}") = "TransportCompanyTests", "TransportCompanyTests\TransportCompanyTests.csproj", "{D61071A6-4AF5-452C-95CD-8233E264424D}"
EndProject
Project("{9A19103F-16F7-4668-BE54-9A1E7A4F7556}") = "XmlDataWorker", "XmlDataWorker\XmlDataWorker.csproj", "{D9BFD8EF-D203-4A8E-9EBD-F77617E88321}"
EndProject
Project("{FAE04EC0-301F-11D3-BF4B-00C04F79EFBC}") = "XmlDataWorkerTests", "XmlDataWorkerTests\XmlDataWorkerTests.csproj", "{F2B11E83-A436-4CDD-927D-89433DA7593D}"
EndProject
Global
	GlobalSection(SolutionConfigurationPlatforms) = preSolution
		Debug|Any CPU = Debug|Any CPU
		Release|Any CPU = Release|Any CPU
	EndGlobalSection
	GlobalSection(ProjectConfigurationPlatforms) = postSolution
		{9D88F47A-69E0-4C2A-B5AB-5FC4F685AD64}.Debug|Any CPU.ActiveCfg = Debug|Any CPU
		{9D88F47A-69E0-4C2A-B5AB-5FC4F685AD64}.Debug|Any CPU.Build.0 = Debug|Any CPU
		{9D88F47A-69E0-4C2A-B5AB-5FC4F685AD64}.Release|Any CPU.ActiveCfg = Release|Any CPU
		{9D88F47A-69E0-4C2A-B5AB-5FC4F685AD64}.Release|Any CPU.Build.0 = Release|Any CPU
		{D61071A6-4AF5-452C-95CD-8233E264424D}.Debug|Any CPU.ActiveCfg = Debug|Any CPU
		{D61071A6-4AF5-452C-95CD-8233E264424D}.Debug|Any CPU.Build.0 = Debug|Any CPU
		{D61071A6-4AF5-452C-95CD-8233E264424D}.Release|Any CPU.ActiveCfg = Release|Any CPU
		{D61071A6-4AF5-452C-95CD-8233E264424D}.Release|Any CPU.Build.0 = Release|Any CPU
		{D9BFD8EF-D203-4A8E-9EBD-F77617E88321}.Debug|Any CPU.ActiveCfg = Debug|Any CPU
		{D9BFD8EF-D203-4A8E-9EBD-F77617E88321}.Debug|Any CPU.Build.0 = Debug|Any CPU
		{D9BFD8EF-D203-4A8E-9EBD-F77617E88321}.Release|Any CPU.ActiveCfg = Release|Any CPU
		{D9BFD8EF-D203-4A8E-9EBD-F77617E88321}.Release|Any CPU.Build.0 = Release|Any CPU
		{F2B11E83-A436-4CDD-927D-89433DA7593D}.Debug|Any CPU.ActiveCfg = Debug|Any CPU
		{F2B11E83-A436-4CDD-927D-89433DA7593D}.Debug|Any CPU.Build.0 = Debug|Any CPU
		{F2B11E83-A436-4CDD-927D-89433DA7593D}.Release|Any CPU.ActiveCfg = Release|Any CPU
		{F2B11E83-A436-4CDD-927D-89433DA7593D}.Release|Any CPU.Build.0 = Release|Any CPU
	EndGlobalSection
	GlobalSection(SolutionProperties) = preSolution
		HideSolutionNode = FALSE
	EndGlobalSection
	GlobalSection(ExtensibilityGlobals) = postSolution
		SolutionGuid = {18F536BA-AE0C-4A39-8340-D47302C6CDC0}
	EndGlobalSection
EndGlobal
